
Microsoft Visual Studio Solution File, Format Version 12.00
# Visual Studio Version 16
VisualStudioVersion = 16.0.30621.155
MinimumVisualStudioVersion = 10.0.40219.1
Project("{F184B08F-C81C-45F6-A57F-5ABD9991F28F}") = "Calculator2", "Calculator2.vbproj", "{A3EE090F-9018-4CD1-B191-FB5B5B79526C}"
EndProject
Global
	GlobalSection(SolutionConfigurationPlatforms) = preSolution
		Debug|Any CPU = Debug|Any CPU
		Release|Any CPU = Release|Any CPU
	EndGlobalSection
	GlobalSection(ProjectConfigurationPlatforms) = postSolution
		{A3EE090F-9018-4CD1-B191-FB5B5B79526C}.Debug|Any CPU.ActiveCfg = Debug|Any CPU
		{A3EE090F-9018-4CD1-B191-FB5B5B79526C}.Debug|Any CPU.Build.0 = Debug|Any CPU
		{A3EE090F-9018-4CD1-B191-FB5B5B79526C}.Release|Any CPU.ActiveCfg = Release|Any CPU
		{A3EE090F-9018-4CD1-B191-FB5B5B79526C}.Release|Any CPU.Build.0 = Release|Any CPU
	EndGlobalSection
	GlobalSection(SolutionProperties) = preSolution
		HideSolutionNode = FALSE
	EndGlobalSection
	GlobalSection(ExtensibilityGlobals) = postSolution
		SolutionGuid = {E66F5A44-BF17-4D36-BB7B-B5889BB5D011}
	EndGlobalSection
EndGlobal
